{
  "originHash" : "0a9a0565c23645eacdcd0d177a036429567ab510b257a7f2538ea8bb318bf8d2",
  "pins" : [
    {
      "identity" : "alamofire",
      "kind" : "remoteSourceControl",
      "location" : "https://github.com/Alamofire/Alamofire.git",
      "state" : {
        "revision" : "7be73f6c2b5cd90e40798b06ebd5da8f9f79cf88",
        "version" : "5.11.0"
      }
    },
    {
      "identity" : "kakao-ios-sdk",
      "kind" : "remoteSourceControl",
      "location" : "https://github.com/kakao/kakao-ios-sdk",
      "state" : {
        "revision" : "bebbd50e40843f5f54d2fe87d4f415771736f8ab",
        "version" : "2.27.0"
      }
    }
  ],
  "version" : 3
}
